# This file was autogenerated by Stack.
# You should not edit this file by hand.
# For more information, please see the documentation at:
#   https://docs.haskellstack.org/en/stable/lock_files

packages:
- completed:
    hackage: haskell-src-exts-1.23.1@sha256:339841f4a6710e915a0bac8df18d8a454c11d626131aee4d05b6be150b7f863e,4577
    pantry-tree:
      sha256: 572aeb73c927ca9b4df7b9a32345dfdc1ba72b7d4af1c38dc12cd6bc2843d88f
      size: 97804
  original:
    hackage: haskell-src-exts-1.23.1
snapshots:
- completed:
    sha256: 8017c7970c2a8a9510c60cc70ac245d59e0c34eb932b91d37af09fe59855d854
    size: 640038
    url: https://raw.githubusercontent.com/commercialhaskell/stackage-snapshots/master/lts/21/13.yaml
  original:
    url: https://raw.githubusercontent.com/commercialhaskell/stackage-snapshots/master/lts/21/13.yaml
